
Microsoft Visual Studio Solution File, Format Version 12.00
# Visual Studio Version 16
VisualStudioVersion = 16.0.30907.101
MinimumVisualStudioVersion = 10.0.40219.1
Project("{FAE04EC0-301F-11D3-BF4B-00C04F79EFBC}") = "Library System", "Library System.csproj", "{0752DC28-BA85-4D40-9B29-D43B1A565E85}"
EndProject
Global
	GlobalSection(SolutionConfigurationPlatforms) = preSolution
		Debug|Any CPU = Debug|Any CPU
		Release|Any CPU = Release|Any CPU
	EndGlobalSection
	GlobalSection(ProjectConfigurationPlatforms) = postSolution
		{0752DC28-BA85-4D40-9B29-D43B1A565E85}.Debug|Any CPU.ActiveCfg = Debug|Any CPU
		{0752DC28-BA85-4D40-9B29-D43B1A565E85}.Debug|Any CPU.Build.0 = Debug|Any CPU
		{0752DC28-BA85-4D40-9B29-D43B1A565E85}.Release|Any CPU.ActiveCfg = Release|Any CPU
		{0752DC28-BA85-4D40-9B29-D43B1A565E85}.Release|Any CPU.Build.0 = Release|Any CPU
	EndGlobalSection
	GlobalSection(SolutionProperties) = preSolution
		HideSolutionNode = FALSE
	EndGlobalSection
	GlobalSection(ExtensibilityGlobals) = postSolution
		SolutionGuid = {DAEB6CFA-9933-4742-8E86-F47D606CF518}
	EndGlobalSection
EndGlobal
